
Microsoft Visual Studio Solution File, Format Version 9.00
# Visual Studio 2005
Project("{FAE04EC0-301F-11D3-BF4B-00C04F79EFBC}") = "AlbumArtTagger", "AlbumArtTagger\AlbumArtTagger.csproj", "{A9B790C6-CE24-415D-9A83-447CADFA801D}"
EndProject
Global
	GlobalSection(SolutionConfigurationPlatforms) = preSolution
		Debug|Any CPU = Debug|Any CPU
		Release|Any CPU = Release|Any CPU
	EndGlobalSection
	GlobalSection(ProjectConfigurationPlatforms) = postSolution
		{A9B790C6-CE24-415D-9A83-447CADFA801D}.Debug|Any CPU.ActiveCfg = Debug|Any CPU
		{A9B790C6-CE24-415D-9A83-447CADFA801D}.Debug|Any CPU.Build.0 = Debug|Any CPU
		{A9B790C6-CE24-415D-9A83-447CADFA801D}.Release|Any CPU.ActiveCfg = Release|Any CPU
		{A9B790C6-CE24-415D-9A83-447CADFA801D}.Release|Any CPU.Build.0 = Release|Any CPU
	EndGlobalSection
	GlobalSection(SolutionProperties) = preSolution
		HideSolutionNode = FALSE
	EndGlobalSection
EndGlobal
